// !$*UTF8*$!
{
	archiveVersion = 1;
	classes = {
	};
	objectVersion = 56;
	objects = {

/* Begin PBXBuildFile section */
		70935E3B2B20223800D8DFE4 /* AppDelegate.swift in Sources */ = {isa = PBXBuildFile; fileRef = 70935E3A2B20223800D8DFE4 /* AppDelegate.swift */; };
		70935E3D2B20223800D8DFE4 /* SceneDelegate.swift in Sources */ = {isa = PBXBuildFile; fileRef = 70935E3C2B20223800D8DFE4 /* SceneDelegate.swift */; };
		70935E3F2B20223800D8DFE4 /* ViewController.swift in Sources */ = {isa = PBXBuildFile; fileRef = 70935E3E2B20223800D8DFE4 /* ViewController.swift */; };
		70935E422B20223800D8DFE4 /* Main.storyboard in Resources */ = {isa = PBXBuildFile; fileRef = 70935E402B20223800D8DFE4 /* Main.storyboard */; };
		70935E442B20223A00D8DFE4 /* Assets.xcassets in Resources */ = {isa = PBXBuildFile; fileRef = 70935E432B20223A00D8DFE4 /* Assets.xcassets */; };
		70935E472B20223A00D8DFE4 /* LaunchScreen.storyboard in Resources */ = {isa = PBXBuildFile; fileRef = 70935E452B20223A00D8DFE4 /* LaunchScreen.storyboard */; };
		70935E512B20308A00D8DFE4 /* Constants.swift in Sources */ = {isa = PBXBuildFile; fileRef = 70935E502B20308A00D8DFE4 /* Constants.swift */; };
		70935E532B20372200D8DFE4 /* StockClass.swift in Sources */ = {isa = PBXBuildFile; fileRef = 70935E522B20372200D8DFE4 /* StockClass.swift */; };
		DED2619B7CE3B61E2D25A975 /* Pods_StockAppFinal.framework in Frameworks */ = {isa = PBXBuildFile; fileRef = 565FC02A0AF0BAE2D4B9DF4F /* Pods_StockAppFinal.framework */; };
/* End PBXBuildFile section */

/* Begin PBXFileReference section */
		16CB36AEFE56B8D812A4F81D /* Pods-StockAppFinal.release.xcconfig */ = {isa = PBXFileReference; includeInIndex = 1; lastKnownFileType = text.xcconfig; name = "Pods-StockAppFinal.release.xcconfig"; path = "Target Support Files/Pods-StockAppFinal/Pods-StockAppFinal.release.xcconfig"; sourceTree = "<group>"; };
		4549A73B988864A567D96EDD /* Pods-StockAppFinal.debug.xcconfig */ = {isa = PBXFileReference; includeInIndex = 1; lastKnownFileType = text.xcconfig; name = "Pods-StockAppFinal.debug.xcconfig"; path = "Target Support Files/Pods-StockAppFinal/Pods-StockAppFinal.debug.xcconfig"; sourceTree = "<group>"; };
		565FC02A0AF0BAE2D4B9DF4F /* Pods_StockAppFinal.framework */ = {isa = PBXFileReference; explicitFileType = wrapper.framework; includeInIndex = 0; path = Pods_StockAppFinal.framework; sourceTree = BUILT_PRODUCTS_DIR; };
		70935E372B20223800D8DFE4 /* StockAppFinal.app */ = {isa = PBXFileReference; explicitFileType = wrapper.application; includeInIndex = 0; path = StockAppFinal.app; sourceTree = BUILT_PRODUCTS_DIR; };
		70935E3A2B20223800D8DFE4 /* AppDelegate.swift */ = {isa = PBXFileReference; lastKnownFileType = sourcecode.swift; path = AppDelegate.swift; sourceTree = "<group>"; };
		70935E3C2B20223800D8DFE4 /* SceneDelegate.swift */ = {isa = PBXFileReference; lastKnownFileType = sourcecode.swift; path = SceneDelegate.swift; sourceTree = "<group>"; };
		70935E3E2B20223800D8DFE4 /* ViewController.swift */ = {isa = PBXFileReference; lastKnownFileType = sourcecode.swift; path = ViewController.swift; sourceTree = "<group>"; };
		70935E412B20223800D8DFE4 /* Base */ = {isa = PBXFileReference; lastKnownFileType = file.storyboard; name = Base; path = Base.lproj/Main.storyboard; sourceTree = "<group>"; };
		70935E432B20223A00D8DFE4 /* Assets.xcassets */ = {isa = PBXFileReference; lastKnownFileType = folder.assetcatalog; path = Assets.xcassets; sourceTree = "<group>"; };
		70935E462B20223A00D8DFE4 /* Base */ = {isa = PBXFileReference; lastKnownFileType = file.storyboard; name = Base; path = Base.lproj/LaunchScreen.storyboard; sourceTree = "<group>"; };
		70935E482B20223A00D8DFE4 /* Info.plist */ = {isa = PBXFileReference; lastKnownFileType = text.plist.xml; path = Info.plist; sourceTree = "<group>"; };
		70935E502B20308A00D8DFE4 /* Constants.swift */ = {isa = PBXFileReference; lastKnownFileType = sourcecode.swift; path = Constants.swift; sourceTree = "<group>"; };
		70935E522B20372200D8DFE4 /* StockClass.swift */ = {isa = PBXFileReference; lastKnownFileType = sourcecode.swift; path = StockClass.swift; sourceTree = "<group>"; };
/* End PBXFileReference section */

/* Begin PBXFrameworksBuildPhase section */
		70935E342B20223800D8DFE4 /* Frameworks */ = {
			isa = PBXFrameworksBuildPhase;
			buildActionMask = 2147483647;
			files = (
				DED2619B7CE3B61E2D25A975 /* Pods_StockAppFinal.framework in Frameworks */,
			);
			runOnlyForDeploymentPostprocessing = 0;
		};
/* End PBXFrameworksBuildPhase section */

/* Begin PBXGroup section */
		2612AA49007A39CD58E63427 /* Pods */ = {
			isa = PBXGroup;
			children = (
				4549A73B988864A567D96EDD /* Pods-StockAppFinal.debug.xcconfig */,
				16CB36AEFE56B8D812A4F81D /* Pods-StockAppFinal.release.xcconfig */,
			);
			path = Pods;
			sourceTree = "<group>";
		};
		3C9FD086F723463EE1722ECC /* Frameworks */ = {
			isa = PBXGroup;
			children = (
				565FC02A0AF0BAE2D4B9DF4F /* Pods_StockAppFinal.framework */,
			);
			name = Frameworks;
			sourceTree = "<group>";
		};
		70935E2E2B20223800D8DFE4 = {
			isa = PBXGroup;
			children = (
				70935E392B20223800D8DFE4 /* StockAppFinal */,
				70935E382B20223800D8DFE4 /* Products */,
				2612AA49007A39CD58E63427 /* Pods */,
				3C9FD086F723463EE1722ECC /* Frameworks */,
			);
			sourceTree = "<group>";
		};
		70935E382B20223800D8DFE4 /* Products */ = {
			isa = PBXGroup;
			children = (
				70935E372B20223800D8DFE4 /* StockAppFinal.app */,
			);
			name = Products;
			sourceTree = "<group>";
		};
		70935E392B20223800D8DFE4 /* StockAppFinal */ = {
			isa = PBXGroup;
			children = (
				70935E3A2B20223800D8DFE4 /* AppDelegate.swift */,
				70935E3C2B20223800D8DFE4 /* SceneDelegate.swift */,
				70935E3E2B20223800D8DFE4 /* ViewController.swift */,
				70935E402B20223800D8DFE4 /* Main.storyboard */,
				70935E432B20223A00D8DFE4 /* Assets.xcassets */,
				70935E452B20223A00D8DFE4 /* LaunchScreen.storyboard */,
				70935E482B20223A00D8DFE4 /* Info.plist */,
				70935E502B20308A00D8DFE4 /* Constants.swift */,
				70935E522B20372200D8DFE4 /* StockClass.swift */,
			);
			path = StockAppFinal;
			sourceTree = "<group>";
		};
/* End PBXGroup section */

/* Begin PBXNativeTarget section */
		70935E362B20223800D8DFE4 /* StockAppFinal */ = {
			isa = PBXNativeTarget;
			buildConfigurationList = 70935E4B2B20223A00D8DFE4 /* Build configuration list for PBXNativeTarget "StockAppFinal" */;
			buildPhases = (
				A9544AE96A6A872A9E558042 /* [CP] Check Pods Manifest.lock */,
				70935E332B20223800D8DFE4 /* Sources */,
				70935E342B20223800D8DFE4 /* Frameworks */,
				70935E352B20223800D8DFE4 /* Resources */,
				27F090651E33C00F90D1012D /* [CP] Embed Pods Frameworks */,
			);
			buildRules = (
			);
			dependencies = (
			);
			name = StockAppFinal;
			productName = StockAppFinal;
			productReference = 70935E372B20223800D8DFE4 /* StockAppFinal.app */;
			productType = "com.apple.product-type.application";
		};
/* End PBXNativeTarget section */

/* Begin PBXProject section */
		70935E2F2B20223800D8DFE4 /* Project object */ = {
			isa = PBXProject;
			attributes = {
				BuildIndependentTargetsInParallel = 1;
				LastSwiftUpdateCheck = 1430;
				LastUpgradeCheck = 1430;
				TargetAttributes = {
					70935E362B20223800D8DFE4 = {
						CreatedOnToolsVersion = 14.3.1;
					};
				};
			};
			buildConfigurationList = 70935E322B20223800D8DFE4 /* Build configuration list for PBXProject "StockAppFinal" */;
			compatibilityVersion = "Xcode 14.0";
			developmentRegion = en;
			hasScannedForEncodings = 0;
			knownRegions = (
				en,
				Base,
			);
			mainGroup = 70935E2E2B20223800D8DFE4;
			productRefGroup = 70935E382B20223800D8DFE4 /* Products */;
			projectDirPath = "";
			projectRoot = "";
			targets = (
				70935E362B20223800D8DFE4 /* StockAppFinal */,
			);
		};
/* End PBXProject section */

/* Begin PBXResourcesBuildPhase section */
		70935E352B20223800D8DFE4 /* Resources */ = {
			isa = PBXResourcesBuildPhase;
			buildActionMask = 2147483647;
			files = (
				70935E472B20223A00D8DFE4 /* LaunchScreen.storyboard in Resources */,
				70935E442B20223A00D8DFE4 /* Assets.xcassets in Resources */,
				70935E422B20223800D8DFE4 /* Main.storyboard in Resources */,
			);
			runOnlyForDeploymentPostprocessing = 0;
		};
/* End PBXResourcesBuildPhase section */

/* Begin PBXShellScriptBuildPhase section */
		27F090651E33C00F90D1012D /* [CP] Embed Pods Frameworks */ = {
			isa = PBXShellScriptBuildPhase;
			buildActionMask = 2147483647;
			files = (
			);
			inputFileListPaths = (
				"${PODS_ROOT}/Target Support Files/Pods-StockAppFinal/Pods-StockAppFinal-frameworks-${CONFIGURATION}-input-files.xcfilelist",
			);
			name = "[CP] Embed Pods Frameworks";
			outputFileListPaths = (
				"${PODS_ROOT}/Target Support Files/Pods-StockAppFinal/Pods-StockAppFinal-frameworks-${CONFIGURATION}-output-files.xcfilelist",
			);
			runOnlyForDeploymentPostprocessing = 0;
			shellPath = /bin/sh;
			shellScript = "\"${PODS_ROOT}/Target Support Files/Pods-StockAppFinal/Pods-StockAppFinal-frameworks.sh\"\n";
			showEnvVarsInLog = 0;
		};
		A9544AE96A6A872A9E558042 /* [CP] Check Pods Manifest.lock */ = {
			isa = PBXShellScriptBuildPhase;
			buildActionMask = 2147483647;
			files = (
			);
			inputFileListPaths = (
			);
			inputPaths = (
				"${PODS_PODFILE_DIR_PATH}/Podfile.lock",
				"${PODS_ROOT}/Manifest.lock",
			);
			name = "[CP] Check Pods Manifest.lock";
			outputFileListPaths = (
			);
			outputPaths = (
				"$(DERIVED_FILE_DIR)/Pods-StockAppFinal-checkManifestLockResult.txt",
			);
			runOnlyForDeploymentPostprocessing = 0;
			shellPath = /bin/sh;
			shellScript = "diff \"${PODS_PODFILE_DIR_PATH}/Podfile.lock\" \"${PODS_ROOT}/Manifest.lock\" > /dev/null\nif [ $? != 0 ] ; then\n    # print error to STDERR\n    echo \"error: The sandbox is not in sync with the Podfile.lock. Run 'pod install' or update your CocoaPods installation.\" >&2\n    exit 1\nfi\n# This output is used by Xcode 'outputs' to avoid re-running this script phase.\necho \"SUCCESS\" > \"${SCRIPT_OUTPUT_FILE_0}\"\n";
			showEnvVarsInLog = 0;
		};
/* End PBXShellScriptBuildPhase section */

/* Begin PBXSourcesBuildPhase section */
		70935E332B20223800D8DFE4 /* Sources */ = {
			isa = PBXSourcesBuildPhase;
			buildActionMask = 2147483647;
			files = (
				70935E3F2B20223800D8DFE4 /* ViewController.swift in Sources */,
				70935E532B20372200D8DFE4 /* StockClass.swift in Sources */,
				70935E3B2B20223800D8DFE4 /* AppDelegate.swift in Sources */,
				70935E3D2B20223800D8DFE4 /* SceneDelegate.swift in Sources */,
				70935E512B20308A00D8DFE4 /* Constants.swift in Sources */,
			);
			runOnlyForDeploymentPostprocessing = 0;
		};
/* End PBXSourcesBuildPhase section */

/* Begin PBXVariantGroup section */
		70935E402B20223800D8DFE4 /* Main.storyboard */ = {
			isa = PBXVariantGroup;
			children = (
				70935E412B20223800D8DFE4 /* Base */,
			);
			name = Main.storyboard;
			sourceTree = "<group>";
		};
		70935E452B20223A00D8DFE4 /* LaunchScreen.storyboard */ = {
			isa = PBXVariantGroup;
			children = (
				70935E462B20223A00D8DFE4 /* Base */,
			);
			name = LaunchScreen.storyboard;
			sourceTree = "<group>";
		};
/* End PBXVariantGroup section */

/* Begin XCBuildConfiguration section */
		70935E492B20223A00D8DFE4 /* Debug */ = {
			isa = XCBuildConfiguration;
			buildSettings = {
				ALWAYS_SEARCH_USER_PATHS = NO;
				CLANG_ANALYZER_NONNULL = YES;
				CLANG_ANALYZER_NUMBER_OBJECT_CONVERSION = YES_AGGRESSIVE;
				CLANG_CXX_LANGUAGE_STANDARD = "gnu++20";
				CLANG_ENABLE_MODULES = YES;
				CLANG_ENABLE_OBJC_ARC = YES;
				CLANG_ENABLE_OBJC_WEAK = YES;
				CLANG_WARN_BLOCK_CAPTURE_AUTORELEASING = YES;
				CLANG_WARN_BOOL_CONVERSION = YES;
				CLANG_WARN_COMMA = YES;
				CLANG_WARN_CONSTANT_CONVERSION = YES;
				CLANG_WARN_DEPRECATED_OBJC_IMPLEMENTATIONS = YES;
				CLANG_WARN_DIRECT_OBJC_ISA_USAGE = YES_ERROR;
				CLANG_WARN_DOCUMENTATION_COMMENTS = YES;
				CLANG_WARN_EMPTY_BODY = YES;
				CLANG_WARN_ENUM_CONVERSION = YES;
				CLANG_WARN_INFINITE_RECURSION = YES;
				CLANG_WARN_INT_CONVERSION = YES;
				CLANG_WARN_NON_LITERAL_NULL_CONVERSION = YES;
				CLANG_WARN_OBJC_IMPLICIT_RETAIN_SELF = YES;
				CLANG_WARN_OBJC_LITERAL_CONVERSION = YES;
				CLANG_WARN_OBJC_ROOT_CLASS = YES_ERROR;
				CLANG_WARN_QUOTED_INCLUDE_IN_FRAMEWORK_HEADER = YES;
				CLANG_WARN_RANGE_LOOP_ANALYSIS = YES;
				CLANG_WARN_STRICT_PROTOTYPES = YES;
				CLANG_WARN_SUSPICIOUS_MOVE = YES;
				CLANG_WARN_UNGUARDED_AVAILABILITY = YES_AGGRESSIVE;
				CLANG_WARN_UNREACHABLE_CODE = YES;
				CLANG_WARN__DUPLICATE_METHOD_MATCH = YES;
				COPY_PHASE_STRIP = NO;
				DEBUG_INFORMATION_FORMAT = dwarf;
				ENABLE_STRICT_OBJC_MSGSEND = YES;
				ENABLE_TESTABILITY = YES;
				GCC_C_LANGUAGE_STANDARD = gnu11;
				GCC_DYNAMIC_NO_PIC = NO;
				GCC_NO_COMMON_BLOCKS = YES;
				GCC_OPTIMIZATION_LEVEL = 0;
				GCC_PREPROCESSOR_DEFINITIONS = (
					"DEBUG=1",
					"$(inherited)",
				);
				GCC_WARN_64_TO_32_BIT_CONVERSION = YES;
				GCC_WARN_ABOUT_RETURN_TYPE = YES_ERROR;
				GCC_WARN_UNDECLARED_SELECTOR = YES;
				GCC_WARN_UNINITIALIZED_AUTOS = YES_AGGRESSIVE;
				GCC_WARN_UNUSED_FUNCTION = YES;
				GCC_WARN_UNUSED_VARIABLE = YES;
				IPHONEOS_DEPLOYMENT_TARGET = 16.4;
				MTL_ENABLE_DEBUG_INFO = INCLUDE_SOURCE;
				MTL_FAST_MATH = YES;
				ONLY_ACTIVE_ARCH = YES;
				SDKROOT = iphoneos;
				SWIFT_ACTIVE_COMPILATION_CONDITIONS = DEBUG;
				SWIFT_OPTIMIZATION_LEVEL = "-Onone";
			};
			name = Debug;
		};
		70935E4A2B20223A00D8DFE4 /* Release */ = {
			isa = XCBuildConfiguration;
			buildSettings = {
				ALWAYS_SEARCH_USER_PATHS = NO;
				CLANG_ANALYZER_NONNULL = YES;
				CLANG_ANALYZER_NUMBER_OBJECT_CONVERSION = YES_AGGRESSIVE;
				CLANG_CXX_LANGUAGE_STANDARD = "gnu++20";
				CLANG_ENABLE_MODULES = YES;
				CLANG_ENABLE_OBJC_ARC = YES;
				CLANG_ENABLE_OBJC_WEAK = YES;
				CLANG_WARN_BLOCK_CAPTURE_AUTORELEASING = YES;
				CLANG_WARN_BOOL_CONVERSION = YES;
				CLANG_WARN_COMMA = YES;
				CLANG_WARN_CONSTANT_CONVERSION = YES;
				CLANG_WARN_DEPRECATED_OBJC_IMPLEMENTATIONS = YES;
				CLANG_WARN_DIRECT_OBJC_ISA_USAGE = YES_ERROR;
				CLANG_WARN_DOCUMENTATION_COMMENTS = YES;
				CLANG_WARN_EMPTY_BODY = YES;
				CLANG_WARN_ENUM_CONVERSION = YES;
				CLANG_WARN_INFINITE_RECURSION = YES;
				CLANG_WARN_INT_CONVERSION = YES;
				CLANG_WARN_NON_LITERAL_NULL_CONVERSION = YES;
				CLANG_WARN_OBJC_IMPLICIT_RETAIN_SELF = YES;
				CLANG_WARN_OBJC_LITERAL_CONVERSION = YES;
				CLANG_WARN_OBJC_ROOT_CLASS = YES_ERROR;
				CLANG_WARN_QUOTED_INCLUDE_IN_FRAMEWORK_HEADER = YES;
				CLANG_WARN_RANGE_LOOP_ANALYSIS = YES;
				CLANG_WARN_STRICT_PROTOTYPES = YES;
				CLANG_WARN_SUSPICIOUS_MOVE = YES;
				CLANG_WARN_UNGUARDED_AVAILABILITY = YES_AGGRESSIVE;
				CLANG_WARN_UNREACHABLE_CODE = YES;
				CLANG_WARN__DUPLICATE_METHOD_MATCH = YES;
				COPY_PHASE_STRIP = NO;
				DEBUG_INFORMATION_FORMAT = "dwarf-with-dsym";
				ENABLE_NS_ASSERTIONS = NO;
				ENABLE_STRICT_OBJC_MSGSEND = YES;
				GCC_C_LANGUAGE_STANDARD = gnu11;
				GCC_NO_COMMON_BLOCKS = YES;
				GCC_WARN_64_TO_32_BIT_CONVERSION = YES;
				GCC_WARN_ABOUT_RETURN_TYPE = YES_ERROR;
				GCC_WARN_UNDECLARED_SELECTOR = YES;
				GCC_WARN_UNINITIALIZED_AUTOS = YES_AGGRESSIVE;
				GCC_WARN_UNUSED_FUNCTION = YES;
				GCC_WARN_UNUSED_VARIABLE = YES;
				IPHONEOS_DEPLOYMENT_TARGET = 16.4;
				MTL_ENABLE_DEBUG_INFO = NO;
				MTL_FAST_MATH = YES;
				SDKROOT = iphoneos;
				SWIFT_COMPILATION_MODE = wholemodule;
				SWIFT_OPTIMIZATION_LEVEL = "-O";
				VALIDATE_PRODUCT = YES;
			};
			name = Release;
		};
		70935E4C2B20223A00D8DFE4 /* Debug */ = {
			isa = XCBuildConfiguration;
			baseConfigurationReference = 4549A73B988864A567D96EDD /* Pods-StockAppFinal.debug.xcconfig */;
			buildSettings = {
				ASSETCATALOG_COMPILER_APPICON_NAME = AppIcon;
				ASSETCATALOG_COMPILER_GLOBAL_ACCENT_COLOR_NAME = AccentColor;
				CODE_SIGN_STYLE = Automatic;
				CURRENT_PROJECT_VERSION = 1;
				GENERATE_INFOPLIST_FILE = YES;
				INFOPLIST_FILE = StockAppFinal/Info.plist;
				INFOPLIST_KEY_UIApplicationSupportsIndirectInputEvents = YES;
				INFOPLIST_KEY_UILaunchStoryboardName = LaunchScreen;
				INFOPLIST_KEY_UIMainStoryboardFile = Main;
				INFOPLIST_KEY_UISupportedInterfaceOrientations_iPad = "UIInterfaceOrientationPortrait UIInterfaceOrientationPortraitUpsideDown UIInterfaceOrientationLandscapeLeft UIInterfaceOrientationLandscapeRight";
				INFOPLIST_KEY_UISupportedInterfaceOrientations_iPhone = "UIInterfaceOrientationPortrait UIInterfaceOrientationLandscapeLeft UIInterfaceOrientationLandscapeRight";
				LD_RUNPATH_SEARCH_PATHS = (
					"$(inherited)",
					"@executable_path/Frameworks",
				);
				MARKETING_VERSION = 1.0;
				PRODUCT_BUNDLE_IDENTIFIER = "Xintao-Zhang.StockAppFinal";
				PRODUCT_NAME = "$(TARGET_NAME)";
				SWIFT_EMIT_LOC_STRINGS = YES;
				SWIFT_VERSION = 5.0;
				TARGETED_DEVICE_FAMILY = "1,2";
			};
			name = Debug;
		};
		70935E4D2B20223A00D8DFE4 /* Release */ = {
			isa = XCBuildConfiguration;
			baseConfigurationReference = 16CB36AEFE56B8D812A4F81D /* Pods-StockAppFinal.release.xcconfig */;
			buildSettings = {
				ASSETCATALOG_COMPILER_APPICON_NAME = AppIcon;
				ASSETCATALOG_COMPILER_GLOBAL_ACCENT_COLOR_NAME = AccentColor;
				CODE_SIGN_STYLE = Automatic;
				CURRENT_PROJECT_VERSION = 1;
				GENERATE_INFOPLIST_FILE = YES;
				INFOPLIST_FILE = StockAppFinal/Info.plist;
				INFOPLIST_KEY_UIApplicationSupportsIndirectInputEvents = YES;
				INFOPLIST_KEY_UILaunchStoryboardName = LaunchScreen;
				INFOPLIST_KEY_UIMainStoryboardFile = Main;
				INFOPLIST_KEY_UISupportedInterfaceOrientations_iPad = "UIInterfaceOrientationPortrait UIInterfaceOrientationPortraitUpsideDown UIInterfaceOrientationLandscapeLeft UIInterfaceOrientationLandscapeRight";
				INFOPLIST_KEY_UISupportedInterfaceOrientations_iPhone = "UIInterfaceOrientationPortrait UIInterfaceOrientationLandscapeLeft UIInterfaceOrientationLandscapeRight";
				LD_RUNPATH_SEARCH_PATHS = (
					"$(inherited)",
					"@executable_path/Frameworks",
				);
				MARKETING_VERSION = 1.0;
				PRODUCT_BUNDLE_IDENTIFIER = "Xintao-Zhang.StockAppFinal";
				PRODUCT_NAME = "$(TARGET_NAME)";
				SWIFT_EMIT_LOC_STRINGS = YES;
				SWIFT_VERSION = 5.0;
				TARGETED_DEVICE_FAMILY = "1,2";
			};
			name = Release;
		};
/* End XCBuildConfiguration section */

/* Begin XCConfigurationList section */
		70935E322B20223800D8DFE4 /* Build configuration list for PBXProject "StockAppFinal" */ = {
			isa = XCConfigurationList;
			buildConfigurations = (
				70935E492B20223A00D8DFE4 /* Debug */,
				70935E4A2B20223A00D8DFE4 /* Release */,
			);
			defaultConfigurationIsVisible = 0;
			defaultConfigurationName = Release;
		};
		70935E4B2B20223A00D8DFE4 /* Build configuration list for PBXNativeTarget "StockAppFinal" */ = {
			isa = XCConfigurationList;
			buildConfigurations = (
				70935E4C2B20223A00D8DFE4 /* Debug */,
				70935E4D2B20223A00D8DFE4 /* Release */,
			);
			defaultConfigurationIsVisible = 0;
			defaultConfigurationName = Release;
		};
/* End XCConfigurationList section */
	};
	rootObject = 70935E2F2B20223800D8DFE4 /* Project object */;
}
